{
  "name": "day-010-rea-verification",
  "lockfileVersion": 3,
  "requires": true,
  "packages": {
    "": {
      "name": "day-010-rea-verification",
      "devDependencies": {
        "wakaru": "1.13.0"
      }
    },
    "node_modules/@wakaru/cli": {
      "version": "1.13.0",
      "resolved": "https://registry.npmjs.org/@wakaru/cli/-/cli-1.13.0.tgz",
      "integrity": "sha512-WDrnGCw/yBdfoAHMnD6hAYKx7KEHHu7ZH9NdsqYNpiCrvU7M7QuqiTWgeWGrEjEmP+yUMnj+Q4o/pPSf4mi07Q==",
      "dev": true,
      "license": "Apache-2.0",
      "bin": {
        "wakaru": "bin/wakaru"
      },
      "engines": {
        "node": ">=16.0.0"
      },
      "optionalDependencies": {
        "@wakaru/cli-darwin-arm64": "1.13.0",
        "@wakaru/cli-linux-arm64": "1.13.0",
        "@wakaru/cli-linux-x64": "1.13.0",
        "@wakaru/cli-win32-arm64": "1.13.0",
        "@wakaru/cli-win32-x64": "1.13.0"
      }
    },
    "node_modules/@wakaru/cli-darwin-arm64": {
      "version": "1.13.0",
      "resolved": "https://registry.npmjs.org/@wakaru/cli-darwin-arm64/-/cli-darwin-arm64-1.13.0.tgz",
      "integrity": "sha512-80uDifjOgagzFabcMbw5hcH4ksnvqiKGa5sSi2tMG9qlkCvAJgryWEu6DAkazx+o4B/WJIBD1ZC/bMxb6FJLjw==",
      "cpu": [
        "arm64"
      ],
      "dev": true,
      "license": "Apache-2.0",
      "optional": true,
      "os": [
        "darwin"
      ],
      "bin": {
        "wakaru": "wakaru"
      }
    },
    "node_modules/@wakaru/cli-linux-arm64": {
      "version": "1.13.0",
      "resolved": "https://registry.npmjs.org/@wakaru/cli-linux-arm64/-/cli-linux-arm64-1.13.0.tgz",
      "integrity": "sha512-BAY/lnIzNdIjJCZw4W+lTYRdk9cBTq/3Z6lG1HsTNVwwul+LFASGDozy8F/F3NH/VlFruo5+qEsE3uIHaGva6A==",
      "cpu": [
        "arm64"
      ],
      "dev": true,
      "license": "Apache-2.0",
      "optional": true,
      "os": [
        "linux"
      ],
      "bin": {
        "wakaru": "wakaru"
      }
    },
    "node_modules/@wakaru/cli-linux-x64": {
      "version": "1.13.0",
      "resolved": "https://registry.npmjs.org/@wakaru/cli-linux-x64/-/cli-linux-x64-1.13.0.tgz",
      "integrity": "sha512-nk7XVKFsjV8TN/oi4BGno2a8Vmv5T8lCNW+WjXTPdnZ0xv/WpLeX5gKnPBf/zK//WwqXZh6fCRcfe/BiBgqwxQ==",
      "cpu": [
        "x64"
      ],
      "dev": true,
      "license": "Apache-2.0",
      "optional": true,
      "os": [
        "linux"
      ],
      "bin": {
        "wakaru": "wakaru"
      }
    },
    "node_modules/@wakaru/cli-win32-arm64": {
      "version": "1.13.0",
      "resolved": "https://registry.npmjs.org/@wakaru/cli-win32-arm64/-/cli-win32-arm64-1.13.0.tgz",
      "integrity": "sha512-QPRcQMzpIB8j7yvyNl8CzsIPMP7AbcEHKZXvWDK3rfCnWT3/Bf5EX7iPL17XNO9xxhFU1H7HaH4bHuQqTVno+Q==",
      "cpu": [
        "arm64"
      ],
      "dev": true,
      "license": "Apache-2.0",
      "optional": true,
      "os": [
        "win32"
      ],
      "bin": {
        "wakaru": "wakaru.exe"
      }
    },
    "node_modules/@wakaru/cli-win32-x64": {
      "version": "1.13.0",
      "resolved": "https://registry.npmjs.org/@wakaru/cli-win32-x64/-/cli-win32-x64-1.13.0.tgz",
      "integrity": "sha512-Ai5BcDEtSng36vfIqcyUfejw5eDM8wRnXGM2gibsBCe+uGTF0aQyaxUWpXRth7h5QkzaX0WUPOaj2LRlNWETkA==",
      "cpu": [
        "x64"
      ],
      "dev": true,
      "license": "Apache-2.0",
      "optional": true,
      "os": [
        "win32"
      ],
      "bin": {
        "wakaru": "wakaru.exe"
      }
    },
    "node_modules/wakaru": {
      "version": "1.13.0",
      "resolved": "https://registry.npmjs.org/wakaru/-/wakaru-1.13.0.tgz",
      "integrity": "sha512-5GG14njM4TP/ZXKMQZSDZin+qRsLvbjOxDLwAvX3bn8d/kKJuM7N+Su6GP4iA+JLrUtriBEJgLYxe9l0rchjjw==",
      "dev": true,
      "license": "Apache-2.0",
      "dependencies": {
        "@wakaru/cli": "1.13.0"
      },
      "bin": {
        "wakaru": "bin/wakaru"
      },
      "engines": {
        "node": ">=16.0.0"
      }
    }
  }
}
